
Microsoft Visual Studio Solution File, Format Version 12.00
# Visual Studio Version 17
VisualStudioVersion = 17.1.32328.378
MinimumVisualStudioVersion = 10.0.40219.1
Project("{FAE04EC0-301F-11D3-BF4B-00C04F79EFBC}") = "NullConditionalOperator", "NullConditionalOperator.csproj", "{0233B144-CAEF-4F84-B6B2-A79F5A465FBB}"
EndProject
Global
	GlobalSection(SolutionConfigurationPlatforms) = preSolution
		Debug|Any CPU = Debug|Any CPU
		Release|Any CPU = Release|Any CPU
	EndGlobalSection
	GlobalSection(ProjectConfigurationPlatforms) = postSolution
		{0233B144-CAEF-4F84-B6B2-A79F5A465FBB}.Debug|Any CPU.ActiveCfg = Debug|Any CPU
		{0233B144-CAEF-4F84-B6B2-A79F5A465FBB}.Debug|Any CPU.Build.0 = Debug|Any CPU
		{0233B144-CAEF-4F84-B6B2-A79F5A465FBB}.Release|Any CPU.ActiveCfg = Release|Any CPU
		{0233B144-CAEF-4F84-B6B2-A79F5A465FBB}.Release|Any CPU.Build.0 = Release|Any CPU
	EndGlobalSection
	GlobalSection(SolutionProperties) = preSolution
		HideSolutionNode = FALSE
	EndGlobalSection
	GlobalSection(ExtensibilityGlobals) = postSolution
		SolutionGuid = {F96300F6-021B-4283-8C04-23D2212BB849}
	EndGlobalSection
EndGlobal
